
Microsoft Visual Studio Solution File, Format Version 12.00
# Visual Studio 15
VisualStudioVersion = 15.0.27130.2036
MinimumVisualStudioVersion = 10.0.40219.1
Project("{9A19103F-16F7-4668-BE54-9A1E7A4F7556}") = "Dungeons", "ConsoleApp1\Dungeons.csproj", "{702C8872-6213-414F-A7D6-3F6BA8998A03}"
EndProject
Global
	GlobalSection(SolutionConfigurationPlatforms) = preSolution
		Debug|Any CPU = Debug|Any CPU
		Release|Any CPU = Release|Any CPU
	EndGlobalSection
	GlobalSection(ProjectConfigurationPlatforms) = postSolution
		{702C8872-6213-414F-A7D6-3F6BA8998A03}.Debug|Any CPU.ActiveCfg = Debug|Any CPU
		{702C8872-6213-414F-A7D6-3F6BA8998A03}.Debug|Any CPU.Build.0 = Debug|Any CPU
		{702C8872-6213-414F-A7D6-3F6BA8998A03}.Release|Any CPU.ActiveCfg = Release|Any CPU
		{702C8872-6213-414F-A7D6-3F6BA8998A03}.Release|Any CPU.Build.0 = Release|Any CPU
	EndGlobalSection
	GlobalSection(SolutionProperties) = preSolution
		HideSolutionNode = FALSE
	EndGlobalSection
	GlobalSection(ExtensibilityGlobals) = postSolution
		SolutionGuid = {21F6ED7B-A495-4C8E-B436-DFA6DF5EA3CA}
	EndGlobalSection
EndGlobal
